// !$*UTF8*$!
{
	archiveVersion = 1;
	classes = {
	};
	objectVersion = 56;
	objects = {

/* Begin PBXBuildFile section */
		041378092AD134CA0003968D /* SwiftInheritance.swift in Sources */ = {isa = PBXBuildFile; fileRef = 041378082AD134CA0003968D /* SwiftInheritance.swift */; };
		0413780B2AD251B10003968D /* SwiftKeyPath.swift in Sources */ = {isa = PBXBuildFile; fileRef = 0413780A2AD251B10003968D /* SwiftKeyPath.swift */; };
		0413780D2AD253CC0003968D /* SwiftStatic.swift in Sources */ = {isa = PBXBuildFile; fileRef = 0413780C2AD253CC0003968D /* SwiftStatic.swift */; };
		0413780F2AD2EAC60003968D /* SwiftSingleton.swift in Sources */ = {isa = PBXBuildFile; fileRef = 0413780E2AD2EAC60003968D /* SwiftSingleton.swift */; };
		041378112AD3F09D0003968D /* SwiftGenerics.swift in Sources */ = {isa = PBXBuildFile; fileRef = 041378102AD3F09D0003968D /* SwiftGenerics.swift */; };
		0424509E2A974002001B4622 /* SpaceComplexity.swift in Sources */ = {isa = PBXBuildFile; fileRef = 0424509D2A974002001B4622 /* SpaceComplexity.swift */; };
		042450A02A9749DA001B4622 /* SwiftStandardLibarry.swift in Sources */ = {isa = PBXBuildFile; fileRef = 0424509F2A9749DA001B4622 /* SwiftStandardLibarry.swift */; };
		042450A22A975453001B4622 /* StacksOperations.swift in Sources */ = {isa = PBXBuildFile; fileRef = 042450A12A975453001B4622 /* StacksOperations.swift */; };
		0428F02D2ACBBDC7008DCAAD /* SwiftClass.swift in Sources */ = {isa = PBXBuildFile; fileRef = 0428F02C2ACBBDC7008DCAAD /* SwiftClass.swift */; };
		0445C6392AA37C5C004BD0DA /* LinkList.swift in Sources */ = {isa = PBXBuildFile; fileRef = 0445C6382AA37C5C004BD0DA /* LinkList.swift */; };
		0445C63B2AA381C5004BD0DA /* CreateNode.swift in Sources */ = {isa = PBXBuildFile; fileRef = 0445C63A2AA381C5004BD0DA /* CreateNode.swift */; };
		0445C63D2AA4895E004BD0DA /* TestLinkList.swift in Sources */ = {isa = PBXBuildFile; fileRef = 0445C63C2AA4895E004BD0DA /* TestLinkList.swift */; };
		046D77022AB2C7C0009B8B5D /* CookbookString.swift in Sources */ = {isa = PBXBuildFile; fileRef = 046D77012AB2C7C0009B8B5D /* CookbookString.swift */; };
		04818F8D2A98F75A00C4BC70 /* ComprehensiveCase.swift in Sources */ = {isa = PBXBuildFile; fileRef = 04818F8C2A98F75A00C4BC70 /* ComprehensiveCase.swift */; };
		04818F8F2A98F87200C4BC70 /* StackContent.swift in Sources */ = {isa = PBXBuildFile; fileRef = 04818F8E2A98F87200C4BC70 /* StackContent.swift */; };
		049171C32AA876B700CFCA37 /* LeetCode01.swift in Sources */ = {isa = PBXBuildFile; fileRef = 049171C22AA876B700CFCA37 /* LeetCode01.swift */; };
		04B6614D2AC67A66009B7457 /* SwiftSet.swift in Sources */ = {isa = PBXBuildFile; fileRef = 04B6614C2AC67A66009B7457 /* SwiftSet.swift */; };
		04B661542AC90B5A009B7457 /* SwiftCollection.swift in Sources */ = {isa = PBXBuildFile; fileRef = 04B661532AC90B5A009B7457 /* SwiftCollection.swift */; };
		04BCF7392AA8D0FC0038E357 /* AlgorithmList.swift in Sources */ = {isa = PBXBuildFile; fileRef = 04BCF7382AA8D0FC0038E357 /* AlgorithmList.swift */; };
		04BCF73B2AA964E50038E357 /* SwiftAlgorithmClub.swift in Sources */ = {isa = PBXBuildFile; fileRef = 04BCF73A2AA964E50038E357 /* SwiftAlgorithmClub.swift */; };
		04DDC71D2A97048E00707622 /* main.swift in Sources */ = {isa = PBXBuildFile; fileRef = 04DDC71C2A97048E00707622 /* main.swift */; };
		04DDC7242A9704CD00707622 /* TimeComplexity.swift in Sources */ = {isa = PBXBuildFile; fileRef = 04DDC7232A9704CD00707622 /* TimeComplexity.swift */; };
		04DDC7282A9707B100707622 /* FibonacciTest.swift in Sources */ = {isa = PBXBuildFile; fileRef = 04DDC7272A9707B100707622 /* FibonacciTest.swift */; };
		04F8F6462AB6015C00258F62 /* SwiftTuple.swift in Sources */ = {isa = PBXBuildFile; fileRef = 04F8F6452AB6015C00258F62 /* SwiftTuple.swift */; };
/* End PBXBuildFile section */

/* Begin PBXCopyFilesBuildPhase section */
		04DDC7172A97048E00707622 /* CopyFiles */ = {
			isa = PBXCopyFilesBuildPhase;
			buildActionMask = 2147483647;
			dstPath = /usr/share/man/man1/;
			dstSubfolderSpec = 0;
			files = (
			);
			runOnlyForDeploymentPostprocessing = 1;
		};
/* End PBXCopyFilesBuildPhase section */

/* Begin PBXFileReference section */
		041378082AD134CA0003968D /* SwiftInheritance.swift */ = {isa = PBXFileReference; lastKnownFileType = sourcecode.swift; path = SwiftInheritance.swift; sourceTree = "<group>"; };
		0413780A2AD251B10003968D /* SwiftKeyPath.swift */ = {isa = PBXFileReference; lastKnownFileType = sourcecode.swift; path = SwiftKeyPath.swift; sourceTree = "<group>"; };
		0413780C2AD253CC0003968D /* SwiftStatic.swift */ = {isa = PBXFileReference; lastKnownFileType = sourcecode.swift; path = SwiftStatic.swift; sourceTree = "<group>"; };
		0413780E2AD2EAC60003968D /* SwiftSingleton.swift */ = {isa = PBXFileReference; lastKnownFileType = sourcecode.swift; path = SwiftSingleton.swift; sourceTree = "<group>"; };
		041378102AD3F09D0003968D /* SwiftGenerics.swift */ = {isa = PBXFileReference; lastKnownFileType = sourcecode.swift; path = SwiftGenerics.swift; sourceTree = "<group>"; };
		0424509D2A974002001B4622 /* SpaceComplexity.swift */ = {isa = PBXFileReference; lastKnownFileType = sourcecode.swift; path = SpaceComplexity.swift; sourceTree = "<group>"; };
		0424509F2A9749DA001B4622 /* SwiftStandardLibarry.swift */ = {isa = PBXFileReference; lastKnownFileType = sourcecode.swift; path = SwiftStandardLibarry.swift; sourceTree = "<group>"; };
		042450A12A975453001B4622 /* StacksOperations.swift */ = {isa = PBXFileReference; lastKnownFileType = sourcecode.swift; path = StacksOperations.swift; sourceTree = "<group>"; };
		0428F02C2ACBBDC7008DCAAD /* SwiftClass.swift */ = {isa = PBXFileReference; lastKnownFileType = sourcecode.swift; path = SwiftClass.swift; sourceTree = "<group>"; };
		0445C6382AA37C5C004BD0DA /* LinkList.swift */ = {isa = PBXFileReference; lastKnownFileType = sourcecode.swift; path = LinkList.swift; sourceTree = "<group>"; };
		0445C63A2AA381C5004BD0DA /* CreateNode.swift */ = {isa = PBXFileReference; lastKnownFileType = sourcecode.swift; path = CreateNode.swift; sourceTree = "<group>"; };
		0445C63C2AA4895E004BD0DA /* TestLinkList.swift */ = {isa = PBXFileReference; lastKnownFileType = sourcecode.swift; path = TestLinkList.swift; sourceTree = "<group>"; };
		046D77012AB2C7C0009B8B5D /* CookbookString.swift */ = {isa = PBXFileReference; lastKnownFileType = sourcecode.swift; path = CookbookString.swift; sourceTree = "<group>"; };
		04818F8C2A98F75A00C4BC70 /* ComprehensiveCase.swift */ = {isa = PBXFileReference; lastKnownFileType = sourcecode.swift; path = ComprehensiveCase.swift; sourceTree = "<group>"; };
		04818F8E2A98F87200C4BC70 /* StackContent.swift */ = {isa = PBXFileReference; lastKnownFileType = sourcecode.swift; path = StackContent.swift; sourceTree = "<group>"; };
		049171C22AA876B700CFCA37 /* LeetCode01.swift */ = {isa = PBXFileReference; lastKnownFileType = sourcecode.swift; path = LeetCode01.swift; sourceTree = "<group>"; };
		04B6614C2AC67A66009B7457 /* SwiftSet.swift */ = {isa = PBXFileReference; lastKnownFileType = sourcecode.swift; path = SwiftSet.swift; sourceTree = "<group>"; };
		04B661532AC90B5A009B7457 /* SwiftCollection.swift */ = {isa = PBXFileReference; lastKnownFileType = sourcecode.swift; path = SwiftCollection.swift; sourceTree = "<group>"; };
		04BCF7382AA8D0FC0038E357 /* AlgorithmList.swift */ = {isa = PBXFileReference; lastKnownFileType = sourcecode.swift; path = AlgorithmList.swift; sourceTree = "<group>"; };
		04BCF73A2AA964E50038E357 /* SwiftAlgorithmClub.swift */ = {isa = PBXFileReference; lastKnownFileType = sourcecode.swift; path = SwiftAlgorithmClub.swift; sourceTree = "<group>"; };
		04DDC7192A97048E00707622 /* SwiftDataStructures */ = {isa = PBXFileReference; explicitFileType = "compiled.mach-o.executable"; includeInIndex = 0; path = SwiftDataStructures; sourceTree = BUILT_PRODUCTS_DIR; };
		04DDC71C2A97048E00707622 /* main.swift */ = {isa = PBXFileReference; lastKnownFileType = sourcecode.swift; path = main.swift; sourceTree = "<group>"; };
		04DDC7232A9704CD00707622 /* TimeComplexity.swift */ = {isa = PBXFileReference; lastKnownFileType = sourcecode.swift; path = TimeComplexity.swift; sourceTree = "<group>"; };
		04DDC7272A9707B100707622 /* FibonacciTest.swift */ = {isa = PBXFileReference; lastKnownFileType = sourcecode.swift; path = FibonacciTest.swift; sourceTree = "<group>"; };
		04F8F6452AB6015C00258F62 /* SwiftTuple.swift */ = {isa = PBXFileReference; fileEncoding = 4; lastKnownFileType = sourcecode.swift; path = SwiftTuple.swift; sourceTree = "<group>"; };
/* End PBXFileReference section */

/* Begin PBXFrameworksBuildPhase section */
		04DDC7162A97048E00707622 /* Frameworks */ = {
			isa = PBXFrameworksBuildPhase;
			buildActionMask = 2147483647;
			files = (
			);
			runOnlyForDeploymentPostprocessing = 0;
		};
/* End PBXFrameworksBuildPhase section */

/* Begin PBXGroup section */
		0429E8202AAF614E0058ADA0 /* daily01 */ = {
			isa = PBXGroup;
			children = (
				04DDC7272A9707B100707622 /* FibonacciTest.swift */,
				04DDC7232A9704CD00707622 /* TimeComplexity.swift */,
				0424509D2A974002001B4622 /* SpaceComplexity.swift */,
				0424509F2A9749DA001B4622 /* SwiftStandardLibarry.swift */,
				042450A12A975453001B4622 /* StacksOperations.swift */,
				04818F8E2A98F87200C4BC70 /* StackContent.swift */,
				04818F8C2A98F75A00C4BC70 /* ComprehensiveCase.swift */,
				0445C63A2AA381C5004BD0DA /* CreateNode.swift */,
				0445C6382AA37C5C004BD0DA /* LinkList.swift */,
				0445C63C2AA4895E004BD0DA /* TestLinkList.swift */,
				04BCF7382AA8D0FC0038E357 /* AlgorithmList.swift */,
				049171C22AA876B700CFCA37 /* LeetCode01.swift */,
				04BCF73A2AA964E50038E357 /* SwiftAlgorithmClub.swift */,
			);
			path = daily01;
			sourceTree = "<group>";
		};
		046D77002AB2C76C009B8B5D /* daily02 */ = {
			isa = PBXGroup;
			children = (
				046D77012AB2C7C0009B8B5D /* CookbookString.swift */,
				04F8F6452AB6015C00258F62 /* SwiftTuple.swift */,
				04B6614C2AC67A66009B7457 /* SwiftSet.swift */,
				04B661532AC90B5A009B7457 /* SwiftCollection.swift */,
				0428F02C2ACBBDC7008DCAAD /* SwiftClass.swift */,
				041378082AD134CA0003968D /* SwiftInheritance.swift */,
				0413780A2AD251B10003968D /* SwiftKeyPath.swift */,
				0413780C2AD253CC0003968D /* SwiftStatic.swift */,
				0413780E2AD2EAC60003968D /* SwiftSingleton.swift */,
				041378102AD3F09D0003968D /* SwiftGenerics.swift */,
			);
			path = daily02;
			sourceTree = "<group>";
		};
		04DDC7102A97048E00707622 = {
			isa = PBXGroup;
			children = (
				04DDC71B2A97048E00707622 /* SwiftDataStructures */,
				04DDC71A2A97048E00707622 /* Products */,
			);
			sourceTree = "<group>";
		};
		04DDC71A2A97048E00707622 /* Products */ = {
			isa = PBXGroup;
			children = (
				04DDC7192A97048E00707622 /* SwiftDataStructures */,
			);
			name = Products;
			sourceTree = "<group>";
		};
		04DDC71B2A97048E00707622 /* SwiftDataStructures */ = {
			isa = PBXGroup;
			children = (
				046D77002AB2C76C009B8B5D /* daily02 */,
				0429E8202AAF614E0058ADA0 /* daily01 */,
				04DDC71C2A97048E00707622 /* main.swift */,
			);
			path = SwiftDataStructures;
			sourceTree = "<group>";
		};
/* End PBXGroup section */

/* Begin PBXNativeTarget section */
		04DDC7182A97048E00707622 /* SwiftDataStructures */ = {
			isa = PBXNativeTarget;
			buildConfigurationList = 04DDC7202A97048E00707622 /* Build configuration list for PBXNativeTarget "SwiftDataStructures" */;
			buildPhases = (
				04DDC7152A97048E00707622 /* Sources */,
				04DDC7162A97048E00707622 /* Frameworks */,
				04DDC7172A97048E00707622 /* CopyFiles */,
			);
			buildRules = (
			);
			dependencies = (
			);
			name = SwiftDataStructures;
			productName = SwiftDataStructures;
			productReference = 04DDC7192A97048E00707622 /* SwiftDataStructures */;
			productType = "com.apple.product-type.tool";
		};
/* End PBXNativeTarget section */

/* Begin PBXProject section */
		04DDC7112A97048E00707622 /* Project object */ = {
			isa = PBXProject;
			attributes = {
				BuildIndependentTargetsInParallel = 1;
				LastSwiftUpdateCheck = 1430;
				LastUpgradeCheck = 1500;
				TargetAttributes = {
					04DDC7182A97048E00707622 = {
						CreatedOnToolsVersion = 14.3.1;
					};
				};
			};
			buildConfigurationList = 04DDC7142A97048E00707622 /* Build configuration list for PBXProject "SwiftDataStructures" */;
			compatibilityVersion = "Xcode 14.0";
			developmentRegion = en;
			hasScannedForEncodings = 0;
			knownRegions = (
				en,
				Base,
			);
			mainGroup = 04DDC7102A97048E00707622;
			productRefGroup = 04DDC71A2A97048E00707622 /* Products */;
			projectDirPath = "";
			projectRoot = "";
			targets = (
				04DDC7182A97048E00707622 /* SwiftDataStructures */,
			);
		};
/* End PBXProject section */

/* Begin PBXSourcesBuildPhase section */
		04DDC7152A97048E00707622 /* Sources */ = {
			isa = PBXSourcesBuildPhase;
			buildActionMask = 2147483647;
			files = (
				042450A22A975453001B4622 /* StacksOperations.swift in Sources */,
				0445C6392AA37C5C004BD0DA /* LinkList.swift in Sources */,
				0413780F2AD2EAC60003968D /* SwiftSingleton.swift in Sources */,
				04F8F6462AB6015C00258F62 /* SwiftTuple.swift in Sources */,
				04B661542AC90B5A009B7457 /* SwiftCollection.swift in Sources */,
				041378092AD134CA0003968D /* SwiftInheritance.swift in Sources */,
				042450A02A9749DA001B4622 /* SwiftStandardLibarry.swift in Sources */,
				04BCF7392AA8D0FC0038E357 /* AlgorithmList.swift in Sources */,
				0413780D2AD253CC0003968D /* SwiftStatic.swift in Sources */,
				0428F02D2ACBBDC7008DCAAD /* SwiftClass.swift in Sources */,
				0445C63D2AA4895E004BD0DA /* TestLinkList.swift in Sources */,
				041378112AD3F09D0003968D /* SwiftGenerics.swift in Sources */,
				04DDC7282A9707B100707622 /* FibonacciTest.swift in Sources */,
				04818F8D2A98F75A00C4BC70 /* ComprehensiveCase.swift in Sources */,
				0445C63B2AA381C5004BD0DA /* CreateNode.swift in Sources */,
				04B6614D2AC67A66009B7457 /* SwiftSet.swift in Sources */,
				04DDC7242A9704CD00707622 /* TimeComplexity.swift in Sources */,
				04BCF73B2AA964E50038E357 /* SwiftAlgorithmClub.swift in Sources */,
				0424509E2A974002001B4622 /* SpaceComplexity.swift in Sources */,
				049171C32AA876B700CFCA37 /* LeetCode01.swift in Sources */,
				04818F8F2A98F87200C4BC70 /* StackContent.swift in Sources */,
				046D77022AB2C7C0009B8B5D /* CookbookString.swift in Sources */,
				04DDC71D2A97048E00707622 /* main.swift in Sources */,
				0413780B2AD251B10003968D /* SwiftKeyPath.swift in Sources */,
			);
			runOnlyForDeploymentPostprocessing = 0;
		};
/* End PBXSourcesBuildPhase section */

/* Begin XCBuildConfiguration section */
		04DDC71E2A97048E00707622 /* Debug */ = {
			isa = XCBuildConfiguration;
			buildSettings = {
				ALWAYS_SEARCH_USER_PATHS = NO;
				CLANG_ANALYZER_NONNULL = YES;
				CLANG_ANALYZER_NUMBER_OBJECT_CONVERSION = YES_AGGRESSIVE;
				CLANG_CXX_LANGUAGE_STANDARD = "gnu++20";
				CLANG_ENABLE_MODULES = YES;
				CLANG_ENABLE_OBJC_ARC = YES;
				CLANG_ENABLE_OBJC_WEAK = YES;
				CLANG_WARN_BLOCK_CAPTURE_AUTORELEASING = YES;
				CLANG_WARN_BOOL_CONVERSION = YES;
				CLANG_WARN_COMMA = YES;
				CLANG_WARN_CONSTANT_CONVERSION = YES;
				CLANG_WARN_DEPRECATED_OBJC_IMPLEMENTATIONS = YES;
				CLANG_WARN_DIRECT_OBJC_ISA_USAGE = YES_ERROR;
				CLANG_WARN_DOCUMENTATION_COMMENTS = YES;
				CLANG_WARN_EMPTY_BODY = YES;
				CLANG_WARN_ENUM_CONVERSION = YES;
				CLANG_WARN_INFINITE_RECURSION = YES;
				CLANG_WARN_INT_CONVERSION = YES;
				CLANG_WARN_NON_LITERAL_NULL_CONVERSION = YES;
				CLANG_WARN_OBJC_IMPLICIT_RETAIN_SELF = YES;
				CLANG_WARN_OBJC_LITERAL_CONVERSION = YES;
				CLANG_WARN_OBJC_ROOT_CLASS = YES_ERROR;
				CLANG_WARN_QUOTED_INCLUDE_IN_FRAMEWORK_HEADER = YES;
				CLANG_WARN_RANGE_LOOP_ANALYSIS = YES;
				CLANG_WARN_STRICT_PROTOTYPES = YES;
				CLANG_WARN_SUSPICIOUS_MOVE = YES;
				CLANG_WARN_UNGUARDED_AVAILABILITY = YES_AGGRESSIVE;
				CLANG_WARN_UNREACHABLE_CODE = YES;
				CLANG_WARN__DUPLICATE_METHOD_MATCH = YES;
				COPY_PHASE_STRIP = NO;
				DEAD_CODE_STRIPPING = YES;
				DEBUG_INFORMATION_FORMAT = dwarf;
				ENABLE_STRICT_OBJC_MSGSEND = YES;
				ENABLE_TESTABILITY = YES;
				ENABLE_USER_SCRIPT_SANDBOXING = YES;
				GCC_C_LANGUAGE_STANDARD = gnu11;
				GCC_DYNAMIC_NO_PIC = NO;
				GCC_NO_COMMON_BLOCKS = YES;
				GCC_OPTIMIZATION_LEVEL = 0;
				GCC_PREPROCESSOR_DEFINITIONS = (
					"DEBUG=1",
					"$(inherited)",
				);
				GCC_WARN_64_TO_32_BIT_CONVERSION = YES;
				GCC_WARN_ABOUT_RETURN_TYPE = YES_ERROR;
				GCC_WARN_UNDECLARED_SELECTOR = YES;
				GCC_WARN_UNINITIALIZED_AUTOS = YES_AGGRESSIVE;
				GCC_WARN_UNUSED_FUNCTION = YES;
				GCC_WARN_UNUSED_VARIABLE = YES;
				MACOSX_DEPLOYMENT_TARGET = 13.3;
				MTL_ENABLE_DEBUG_INFO = INCLUDE_SOURCE;
				MTL_FAST_MATH = YES;
				ONLY_ACTIVE_ARCH = YES;
				SDKROOT = macosx;
				SWIFT_ACTIVE_COMPILATION_CONDITIONS = DEBUG;
				SWIFT_OPTIMIZATION_LEVEL = "-Onone";
			};
			name = Debug;
		};
		04DDC71F2A97048E00707622 /* Release */ = {
			isa = XCBuildConfiguration;
			buildSettings = {
				ALWAYS_SEARCH_USER_PATHS = NO;
				CLANG_ANALYZER_NONNULL = YES;
				CLANG_ANALYZER_NUMBER_OBJECT_CONVERSION = YES_AGGRESSIVE;
				CLANG_CXX_LANGUAGE_STANDARD = "gnu++20";
				CLANG_ENABLE_MODULES = YES;
				CLANG_ENABLE_OBJC_ARC = YES;
				CLANG_ENABLE_OBJC_WEAK = YES;
				CLANG_WARN_BLOCK_CAPTURE_AUTORELEASING = YES;
				CLANG_WARN_BOOL_CONVERSION = YES;
				CLANG_WARN_COMMA = YES;
				CLANG_WARN_CONSTANT_CONVERSION = YES;
				CLANG_WARN_DEPRECATED_OBJC_IMPLEMENTATIONS = YES;
				CLANG_WARN_DIRECT_OBJC_ISA_USAGE = YES_ERROR;
				CLANG_WARN_DOCUMENTATION_COMMENTS = YES;
				CLANG_WARN_EMPTY_BODY = YES;
				CLANG_WARN_ENUM_CONVERSION = YES;
				CLANG_WARN_INFINITE_RECURSION = YES;
				CLANG_WARN_INT_CONVERSION = YES;
				CLANG_WARN_NON_LITERAL_NULL_CONVERSION = YES;
				CLANG_WARN_OBJC_IMPLICIT_RETAIN_SELF = YES;
				CLANG_WARN_OBJC_LITERAL_CONVERSION = YES;
				CLANG_WARN_OBJC_ROOT_CLASS = YES_ERROR;
				CLANG_WARN_QUOTED_INCLUDE_IN_FRAMEWORK_HEADER = YES;
				CLANG_WARN_RANGE_LOOP_ANALYSIS = YES;
				CLANG_WARN_STRICT_PROTOTYPES = YES;
				CLANG_WARN_SUSPICIOUS_MOVE = YES;
				CLANG_WARN_UNGUARDED_AVAILABILITY = YES_AGGRESSIVE;
				CLANG_WARN_UNREACHABLE_CODE = YES;
				CLANG_WARN__DUPLICATE_METHOD_MATCH = YES;
				COPY_PHASE_STRIP = NO;
				DEAD_CODE_STRIPPING = YES;
				DEBUG_INFORMATION_FORMAT = "dwarf-with-dsym";
				ENABLE_NS_ASSERTIONS = NO;
				ENABLE_STRICT_OBJC_MSGSEND = YES;
				ENABLE_USER_SCRIPT_SANDBOXING = YES;
				GCC_C_LANGUAGE_STANDARD = gnu11;
				GCC_NO_COMMON_BLOCKS = YES;
				GCC_WARN_64_TO_32_BIT_CONVERSION = YES;
				GCC_WARN_ABOUT_RETURN_TYPE = YES_ERROR;
				GCC_WARN_UNDECLARED_SELECTOR = YES;
				GCC_WARN_UNINITIALIZED_AUTOS = YES_AGGRESSIVE;
				GCC_WARN_UNUSED_FUNCTION = YES;
				GCC_WARN_UNUSED_VARIABLE = YES;
				MACOSX_DEPLOYMENT_TARGET = 13.3;
				MTL_ENABLE_DEBUG_INFO = NO;
				MTL_FAST_MATH = YES;
				SDKROOT = macosx;
				SWIFT_COMPILATION_MODE = wholemodule;
				SWIFT_OPTIMIZATION_LEVEL = "-O";
			};
			name = Release;
		};
		04DDC7212A97048E00707622 /* Debug */ = {
			isa = XCBuildConfiguration;
			buildSettings = {
				CODE_SIGN_STYLE = Automatic;
				DEAD_CODE_STRIPPING = YES;
				DEVELOPMENT_TEAM = 7DR2VQYR3G;
				ENABLE_HARDENED_RUNTIME = YES;
				PRODUCT_NAME = "$(TARGET_NAME)";
				SWIFT_VERSION = 5.0;
			};
			name = Debug;
		};
		04DDC7222A97048E00707622 /* Release */ = {
			isa = XCBuildConfiguration;
			buildSettings = {
				CODE_SIGN_STYLE = Automatic;
				DEAD_CODE_STRIPPING = YES;
				DEVELOPMENT_TEAM = 7DR2VQYR3G;
				ENABLE_HARDENED_RUNTIME = YES;
				PRODUCT_NAME = "$(TARGET_NAME)";
				SWIFT_VERSION = 5.0;
			};
			name = Release;
		};
/* End XCBuildConfiguration section */

/* Begin XCConfigurationList section */
		04DDC7142A97048E00707622 /* Build configuration list for PBXProject "SwiftDataStructures" */ = {
			isa = XCConfigurationList;
			buildConfigurations = (
				04DDC71E2A97048E00707622 /* Debug */,
				04DDC71F2A97048E00707622 /* Release */,
			);
			defaultConfigurationIsVisible = 0;
			defaultConfigurationName = Release;
		};
		04DDC7202A97048E00707622 /* Build configuration list for PBXNativeTarget "SwiftDataStructures" */ = {
			isa = XCConfigurationList;
			buildConfigurations = (
				04DDC7212A97048E00707622 /* Debug */,
				04DDC7222A97048E00707622 /* Release */,
			);
			defaultConfigurationIsVisible = 0;
			defaultConfigurationName = Release;
		};
/* End XCConfigurationList section */
	};
	rootObject = 04DDC7112A97048E00707622 /* Project object */;
}
